{
    "flutter-patched-sdk": {
        "hash": "sha256-PbUwmHFz14KPfKbUWDFGjwX2MD3B5awvOkXg64Y7Vtw=",
        "stripRoot": true,
        "url": "https://storage.googleapis.com/flutter_infra_release/flutter/6ba2af10bb05c88a2731482cedf2cfd11cf5af0b/flutter_patched_sdk.zip"
    },
    "flutter-patched-sdk-product": {
        "hash": "sha256-LU7XkZVOeuAIOrYDfmq/Bcspln0gVJs64rzpUVTU/cI=",
        "stripRoot": true,
        "url": "https://storage.googleapis.com/flutter_infra_release/flutter/6ba2af10bb05c88a2731482cedf2cfd11cf5af0b/flutter_patched_sdk_product.zip"
    },
    "gradle-wrapper": {
        "hash": "sha256-SRgOgd0iOFw8cD09GYjPOz9KJkxJg9ORD5ybELVSrk4=",
        "stripRoot": false,
        "url": "https://storage.googleapis.com/flutter_infra_release/gradle-wrapper/fd5c1f2c013565a3bea56ada6df9d2b8e96d56aa/gradle-wrapper.tgz"
    },
    "ios-deploy": {
        "hash": "sha256-7Suq6KKk4L5BCuQo7smBLr+Iy/TWgS1Cb0mzQiJ9jlg=",
        "stripRoot": false,
        "url": "https://storage.googleapis.com/flutter_infra_release/ios-usb-dependencies/ios-deploy/089734fb5f1ccb2d273ba7880525e6dd9c7ad8dd/ios-deploy.zip"
    },
    "libimobiledevice": {
        "hash": "sha256-1DMAvLN0SOxFOEy4Zta+uGMPiYqoP4DPDiBVgmp9wVY=",
        "stripRoot": false,
        "url": "https://storage.googleapis.com/flutter_infra_release/ios-usb-dependencies/libimobiledevice/2ba8188ed97d8b05670845e5b5954e2fe0f54784/libimobiledevice.zip"
    },
    "libplist": {
        "hash": "sha256-wiSG9JKCZq2o30d43i203vpRim5Wb3dysQkL4HNrJo4=",
        "stripRoot": false,
        "url": "https://storage.googleapis.com/flutter_infra_release/ios-usb-dependencies/libplist/20a2f8dbddcf1a96ad4c720b9afd1d0876d17ffc/libplist.zip"
    },
    "linux-x64-artifacts": {
        "hash": "sha256-82oYnqNUD9y7XKJJ8F+IQqJRLOcHyhMhvSr15oLrFrE=",
        "stripRoot": false,
        "url": "https://storage.googleapis.com/flutter_infra_release/flutter/6ba2af10bb05c88a2731482cedf2cfd11cf5af0b/linux-x64/artifacts.zip"
    },
    "linux-x64-font-subset": {
        "hash": "sha256-fvYW+x6ZYZNpd9SkRkjLPFRLnJt6RjG+dbiJx8KBdCs=",
        "stripRoot": false,
        "url": "https://storage.googleapis.com/flutter_infra_release/flutter/6ba2af10bb05c88a2731482cedf2cfd11cf5af0b/linux-x64/font-subset.zip"
    },
    "linux-x64-linux-x64-flutter-gtk": {
        "hash": "sha256-QoUClX+HwjdrSkIShUdIncwlyUQjsc1o7lkwzXABwe4=",
        "stripRoot": false,
        "url": "https://storage.googleapis.com/flutter_infra_release/flutter/6ba2af10bb05c88a2731482cedf2cfd11cf5af0b/linux-x64/linux-x64-flutter-gtk.zip"
    },
    "linux-x64-profile-linux-x64-flutter-gtk": {
        "hash": "sha256-ASkc6CEkdVY5lCrkUjtqLiOREq9ilbwm0wxG9KkcuL8=",
        "stripRoot": false,
        "url": "https://storage.googleapis.com/flutter_infra_release/flutter/6ba2af10bb05c88a2731482cedf2cfd11cf5af0b/linux-x64-profile/linux-x64-flutter-gtk.zip"
    },
    "linux-x64-release-linux-x64-flutter-gtk": {
        "hash": "sha256-BBotTIJ2+2yb0aSY2wyuLOFZ+cIQONVLU9Rgpmi85E8=",
        "stripRoot": false,
        "url": "https://storage.googleapis.com/flutter_infra_release/flutter/6ba2af10bb05c88a2731482cedf2cfd11cf5af0b/linux-x64-release/linux-x64-flutter-gtk.zip"
    },
    "material-fonts": {
        "hash": "sha256-pRPaWGCGlvnqR07BLmyIVvj9Xp/Y2fJQ0SUSwevoXSw=",
        "stripRoot": false,
        "url": "https://storage.googleapis.com/flutter_infra_release/flutter/fonts/d76e4de0ef19d04a55bf3117322be9ced21864aa/fonts.zip"
    },
    "openssl": {
        "hash": "sha256-nT4oYUb1hX1B1gz6/c/+1QKC1xgz+FUEvYZgYPAMNxM=",
        "stripRoot": false,
        "url": "https://storage.googleapis.com/flutter_infra_release/ios-usb-dependencies/openssl/e2e09d9fba1187f8d6aafaa34d4172f56f1ffb72/openssl.zip"
    },
    "sky-engine": {
        "hash": "sha256-KdwNCerUwPYwtipxox/zrDxPxtLQwLIQO6/KhHi7pTQ=",
        "stripRoot": true,
        "url": "https://storage.googleapis.com/flutter_infra_release/flutter/6ba2af10bb05c88a2731482cedf2cfd11cf5af0b/sky_engine.zip"
    },
    "usbmuxd": {
        "hash": "sha256-KC/ZITgQn3YUnyBgI6t7rhWoEvSbHvzwiswS60efzFA=",
        "stripRoot": false,
        "url": "https://storage.googleapis.com/flutter_infra_release/ios-usb-dependencies/usbmuxd/c7d7d1a03f65a27be2eddb13d1f2b0c0e7a60ec6/usbmuxd.zip"
    }
}